// !$*UTF8*$!
{
	archiveVersion = 1;
	classes = {
	};
	objectVersion = 52;
	objects = {

/* Begin PBXBuildFile section */
		A10B13232069DC6F00A5CB98 /* ActivityIndicator.swift in Sources */ = {isa = PBXBuildFile; fileRef = A10B13222069DC6F00A5CB98 /* ActivityIndicator.swift */; };
		A11E73F3206B586200FEE183 /* Credits.rtf in Resources */ = {isa = PBXBuildFile; fileRef = A11E73F2206B586200FEE183 /* Credits.rtf */; };
		A11E73F5206BA12900FEE183 /* NSRect.swift in Sources */ = {isa = PBXBuildFile; fileRef = A11E73F4206BA12900FEE183 /* NSRect.swift */; };
		A1310602259060E000548F12 /* Sparkle in Frameworks */ = {isa = PBXBuildFile; productRef = A1310601259060E000548F12 /* Sparkle */; };
		A139AF97205F775A008680F4 /* AppDelegate.swift in Sources */ = {isa = PBXBuildFile; fileRef = A139AF96205F775A008680F4 /* AppDelegate.swift */; };
		A139AF99205F775A008680F4 /* ViewController.swift in Sources */ = {isa = PBXBuildFile; fileRef = A139AF98205F775A008680F4 /* ViewController.swift */; };
		A139AF9B205F775A008680F4 /* Assets.xcassets in Resources */ = {isa = PBXBuildFile; fileRef = A139AF9A205F775A008680F4 /* Assets.xcassets */; };
		A139AF9E205F775A008680F4 /* Main.storyboard in Resources */ = {isa = PBXBuildFile; fileRef = A139AF9C205F775A008680F4 /* Main.storyboard */; };
		A139AFA7205F7949008680F4 /* WindowController.swift in Sources */ = {isa = PBXBuildFile; fileRef = A139AFA6205F7949008680F4 /* WindowController.swift */; };
		A139AFA9205FCBFA008680F4 /* TitleView.swift in Sources */ = {isa = PBXBuildFile; fileRef = A139AFA8205FCBFA008680F4 /* TitleView.swift */; };
		A139AFAB205FD565008680F4 /* Customization.js in Resources */ = {isa = PBXBuildFile; fileRef = A139AFAA205FD565008680F4 /* Customization.js */; };
/* End PBXBuildFile section */

/* Begin PBXFileReference section */
		A10B13222069DC6F00A5CB98 /* ActivityIndicator.swift */ = {isa = PBXFileReference; lastKnownFileType = sourcecode.swift; name = ActivityIndicator.swift; path = Classes/ActivityIndicator.swift; sourceTree = "<group>"; };
		A11E73F2206B586200FEE183 /* Credits.rtf */ = {isa = PBXFileReference; fileEncoding = 4; lastKnownFileType = text.rtf; name = Credits.rtf; path = Base.lproj/Credits.rtf; sourceTree = "<group>"; };
		A11E73F4206BA12900FEE183 /* NSRect.swift */ = {isa = PBXFileReference; lastKnownFileType = sourcecode.swift; name = NSRect.swift; path = Classes/NSRect.swift; sourceTree = "<group>"; };
		A139AF93205F775A008680F4 /* Netflix.app */ = {isa = PBXFileReference; explicitFileType = wrapper.application; includeInIndex = 0; path = Netflix.app; sourceTree = BUILT_PRODUCTS_DIR; };
		A139AF96205F775A008680F4 /* AppDelegate.swift */ = {isa = PBXFileReference; lastKnownFileType = sourcecode.swift; name = AppDelegate.swift; path = Classes/AppDelegate.swift; sourceTree = "<group>"; };
		A139AF98205F775A008680F4 /* ViewController.swift */ = {isa = PBXFileReference; lastKnownFileType = sourcecode.swift; name = ViewController.swift; path = Classes/ViewController.swift; sourceTree = "<group>"; };
		A139AF9A205F775A008680F4 /* Assets.xcassets */ = {isa = PBXFileReference; lastKnownFileType = folder.assetcatalog; path = Assets.xcassets; sourceTree = "<group>"; };
		A139AF9D205F775A008680F4 /* Base */ = {isa = PBXFileReference; lastKnownFileType = file.storyboard; name = Base; path = Base.lproj/Main.storyboard; sourceTree = "<group>"; };
		A139AF9F205F775A008680F4 /* Info.plist */ = {isa = PBXFileReference; lastKnownFileType = text.plist.xml; path = Info.plist; sourceTree = "<group>"; };
		A139AFA0205F775A008680F4 /* Netflix.entitlements */ = {isa = PBXFileReference; lastKnownFileType = text.plist.entitlements; path = Netflix.entitlements; sourceTree = "<group>"; };
		A139AFA6205F7949008680F4 /* WindowController.swift */ = {isa = PBXFileReference; lastKnownFileType = sourcecode.swift; name = WindowController.swift; path = Classes/WindowController.swift; sourceTree = "<group>"; };
		A139AFA8205FCBFA008680F4 /* TitleView.swift */ = {isa = PBXFileReference; lastKnownFileType = sourcecode.swift; name = TitleView.swift; path = Classes/TitleView.swift; sourceTree = "<group>"; };
		A139AFAA205FD565008680F4 /* Customization.js */ = {isa = PBXFileReference; lastKnownFileType = sourcecode.javascript; path = Customization.js; sourceTree = "<group>"; };
/* End PBXFileReference section */

/* Begin PBXFrameworksBuildPhase section */
		A139AF90205F775A008680F4 /* Frameworks */ = {
			isa = PBXFrameworksBuildPhase;
			buildActionMask = 2147483647;
			files = (
				A1310602259060E000548F12 /* Sparkle in Frameworks */,
			);
			runOnlyForDeploymentPostprocessing = 0;
		};
/* End PBXFrameworksBuildPhase section */

/* Begin PBXGroup section */
		A11E73EE206B1CCB00FEE183 /* Supporting Files */ = {
			isa = PBXGroup;
			children = (
				A11E73F2206B586200FEE183 /* Credits.rtf */,
				A139AFAA205FD565008680F4 /* Customization.js */,
				A139AF9F205F775A008680F4 /* Info.plist */,
				A139AFA0205F775A008680F4 /* Netflix.entitlements */,
			);
			name = "Supporting Files";
			sourceTree = "<group>";
		};
		A11E73F6206BA14F00FEE183 /* Class Extensions */ = {
			isa = PBXGroup;
			children = (
				A11E73F4206BA12900FEE183 /* NSRect.swift */,
			);
			name = "Class Extensions";
			sourceTree = "<group>";
		};
		A11E73F7206BA1B900FEE183 /* Custom Views */ = {
			isa = PBXGroup;
			children = (
				A139AFA8205FCBFA008680F4 /* TitleView.swift */,
				A10B13222069DC6F00A5CB98 /* ActivityIndicator.swift */,
			);
			name = "Custom Views";
			sourceTree = "<group>";
		};
		A139AF8A205F775A008680F4 = {
			isa = PBXGroup;
			children = (
				A139AF95205F775A008680F4 /* Netflix */,
				A139AF94205F775A008680F4 /* Products */,
			);
			sourceTree = "<group>";
		};
		A139AF94205F775A008680F4 /* Products */ = {
			isa = PBXGroup;
			children = (
				A139AF93205F775A008680F4 /* Netflix.app */,
			);
			name = Products;
			sourceTree = "<group>";
		};
		A139AF95205F775A008680F4 /* Netflix */ = {
			isa = PBXGroup;
			children = (
				A139AF9C205F775A008680F4 /* Main.storyboard */,
				A139AF96205F775A008680F4 /* AppDelegate.swift */,
				A139AF98205F775A008680F4 /* ViewController.swift */,
				A139AFA6205F7949008680F4 /* WindowController.swift */,
				A11E73F7206BA1B900FEE183 /* Custom Views */,
				A11E73F6206BA14F00FEE183 /* Class Extensions */,
				A139AF9A205F775A008680F4 /* Assets.xcassets */,
				A11E73EE206B1CCB00FEE183 /* Supporting Files */,
			);
			name = Netflix;
			sourceTree = "<group>";
		};
/* End PBXGroup section */

/* Begin PBXNativeTarget section */
		A139AF92205F775A008680F4 /* Netflix */ = {
			isa = PBXNativeTarget;
			buildConfigurationList = A139AFA3205F775A008680F4 /* Build configuration list for PBXNativeTarget "Netflix" */;
			buildPhases = (
				A11E73F1206B228600FEE183 /* SwiftLint */,
				A11E73EF206B1F0700FEE183 /* Determine Build Number */,
				A139AF8F205F775A008680F4 /* Sources */,
				A139AF90205F775A008680F4 /* Frameworks */,
				A139AF91205F775A008680F4 /* Resources */,
				A11E73F0206B203C00FEE183 /* Reset Build Number */,
			);
			buildRules = (
			);
			dependencies = (
			);
			name = Netflix;
			packageProductDependencies = (
				A1310601259060E000548F12 /* Sparkle */,
			);
			productName = Netflix;
			productReference = A139AF93205F775A008680F4 /* Netflix.app */;
			productType = "com.apple.product-type.application";
		};
/* End PBXNativeTarget section */

/* Begin PBXProject section */
		A139AF8B205F775A008680F4 /* Project object */ = {
			isa = PBXProject;
			attributes = {
				LastSwiftUpdateCheck = 0920;
				LastUpgradeCheck = 0930;
				ORGANIZATIONNAME = "Daniel Farrelly";
				TargetAttributes = {
					A139AF92205F775A008680F4 = {
						CreatedOnToolsVersion = 9.2;
						LastSwiftMigration = 1160;
						ProvisioningStyle = Automatic;
						SystemCapabilities = {
							com.apple.HardenedRuntime = {
								enabled = 1;
							};
							com.apple.Sandbox = {
								enabled = 0;
							};
						};
					};
				};
			};
			buildConfigurationList = A139AF8E205F775A008680F4 /* Build configuration list for PBXProject "Netflix" */;
			compatibilityVersion = "Xcode 8.0";
			developmentRegion = en;
			hasScannedForEncodings = 0;
			knownRegions = (
				en,
				Base,
			);
			mainGroup = A139AF8A205F775A008680F4;
			packageReferences = (
				A1310600259060E000548F12 /* XCRemoteSwiftPackageReference "Sparkle" */,
			);
			productRefGroup = A139AF94205F775A008680F4 /* Products */;
			projectDirPath = "";
			projectRoot = "";
			targets = (
				A139AF92205F775A008680F4 /* Netflix */,
			);
		};
/* End PBXProject section */

/* Begin PBXResourcesBuildPhase section */
		A139AF91205F775A008680F4 /* Resources */ = {
			isa = PBXResourcesBuildPhase;
			buildActionMask = 2147483647;
			files = (
				A139AFAB205FD565008680F4 /* Customization.js in Resources */,
				A139AF9B205F775A008680F4 /* Assets.xcassets in Resources */,
				A139AF9E205F775A008680F4 /* Main.storyboard in Resources */,
				A11E73F3206B586200FEE183 /* Credits.rtf in Resources */,
			);
			runOnlyForDeploymentPostprocessing = 0;
		};
/* End PBXResourcesBuildPhase section */

/* Begin PBXShellScriptBuildPhase section */
		A11E73EF206B1F0700FEE183 /* Determine Build Number */ = {
			isa = PBXShellScriptBuildPhase;
			buildActionMask = 2147483647;
			files = (
			);
			inputPaths = (
			);
			name = "Determine Build Number";
			outputPaths = (
			);
			runOnlyForDeploymentPostprocessing = 0;
			shellPath = /bin/sh;
			shellScript = "# The repo is a good way to track builds, since we'll reset this later\nsh \"update-version.sh\" --reflect-commits\n";
		};
		A11E73F0206B203C00FEE183 /* Reset Build Number */ = {
			isa = PBXShellScriptBuildPhase;
			buildActionMask = 2147483647;
			files = (
			);
			inputPaths = (
			);
			name = "Reset Build Number";
			outputPaths = (
			);
			runOnlyForDeploymentPostprocessing = 0;
			shellPath = /bin/sh;
			shellScript = "# We don't want to gum up the repo with build number updates\nsh \"update-version.sh\" --build=1";
		};
		A11E73F1206B228600FEE183 /* SwiftLint */ = {
			isa = PBXShellScriptBuildPhase;
			buildActionMask = 2147483647;
			files = (
			);
			inputPaths = (
			);
			name = SwiftLint;
			outputPaths = (
			);
			runOnlyForDeploymentPostprocessing = 0;
			shellPath = /bin/sh;
			shellScript = "if which swiftlint >/dev/null; then\n    cd .. && swiftlint # Run SwiftLint from the root directory, not just the one for this xcodeproj\nelse\n    echo \"warning: SwiftLint not installed, download from https://github.com/realm/SwiftLint\"\nfi";
		};
/* End PBXShellScriptBuildPhase section */

/* Begin PBXSourcesBuildPhase section */
		A139AF8F205F775A008680F4 /* Sources */ = {
			isa = PBXSourcesBuildPhase;
			buildActionMask = 2147483647;
			files = (
				A139AF99205F775A008680F4 /* ViewController.swift in Sources */,
				A10B13232069DC6F00A5CB98 /* ActivityIndicator.swift in Sources */,
				A11E73F5206BA12900FEE183 /* NSRect.swift in Sources */,
				A139AFA7205F7949008680F4 /* WindowController.swift in Sources */,
				A139AF97205F775A008680F4 /* AppDelegate.swift in Sources */,
				A139AFA9205FCBFA008680F4 /* TitleView.swift in Sources */,
			);
			runOnlyForDeploymentPostprocessing = 0;
		};
/* End PBXSourcesBuildPhase section */

/* Begin PBXVariantGroup section */
		A139AF9C205F775A008680F4 /* Main.storyboard */ = {
			isa = PBXVariantGroup;
			children = (
				A139AF9D205F775A008680F4 /* Base */,
			);
			name = Main.storyboard;
			sourceTree = "<group>";
		};
/* End PBXVariantGroup section */

/* Begin XCBuildConfiguration section */
		A139AFA1205F775A008680F4 /* Debug */ = {
			isa = XCBuildConfiguration;
			buildSettings = {
				ALWAYS_SEARCH_USER_PATHS = NO;
				CLANG_ANALYZER_NONNULL = YES;
				CLANG_ANALYZER_NUMBER_OBJECT_CONVERSION = YES_AGGRESSIVE;
				CLANG_CXX_LANGUAGE_STANDARD = "gnu++14";
				CLANG_CXX_LIBRARY = "libc++";
				CLANG_ENABLE_MODULES = YES;
				CLANG_ENABLE_OBJC_ARC = YES;
				CLANG_WARN_BLOCK_CAPTURE_AUTORELEASING = YES;
				CLANG_WARN_BOOL_CONVERSION = YES;
				CLANG_WARN_COMMA = YES;
				CLANG_WARN_CONSTANT_CONVERSION = YES;
				CLANG_WARN_DEPRECATED_OBJC_IMPLEMENTATIONS = YES;
				CLANG_WARN_DIRECT_OBJC_ISA_USAGE = YES_ERROR;
				CLANG_WARN_DOCUMENTATION_COMMENTS = YES;
				CLANG_WARN_EMPTY_BODY = YES;
				CLANG_WARN_ENUM_CONVERSION = YES;
				CLANG_WARN_INFINITE_RECURSION = YES;
				CLANG_WARN_INT_CONVERSION = YES;
				CLANG_WARN_NON_LITERAL_NULL_CONVERSION = YES;
				CLANG_WARN_OBJC_IMPLICIT_RETAIN_SELF = YES;
				CLANG_WARN_OBJC_LITERAL_CONVERSION = YES;
				CLANG_WARN_OBJC_ROOT_CLASS = YES_ERROR;
				CLANG_WARN_RANGE_LOOP_ANALYSIS = YES;
				CLANG_WARN_STRICT_PROTOTYPES = YES;
				CLANG_WARN_SUSPICIOUS_MOVE = YES;
				CLANG_WARN_UNGUARDED_AVAILABILITY = YES_AGGRESSIVE;
				CLANG_WARN_UNREACHABLE_CODE = YES;
				CLANG_WARN__DUPLICATE_METHOD_MATCH = YES;
				CODE_SIGN_IDENTITY = "Mac Developer";
				COPY_PHASE_STRIP = NO;
				DEBUG_INFORMATION_FORMAT = dwarf;
				ENABLE_STRICT_OBJC_MSGSEND = YES;
				ENABLE_TESTABILITY = YES;
				GCC_C_LANGUAGE_STANDARD = gnu11;
				GCC_DYNAMIC_NO_PIC = NO;
				GCC_NO_COMMON_BLOCKS = YES;
				GCC_OPTIMIZATION_LEVEL = 0;
				GCC_PREPROCESSOR_DEFINITIONS = (
					"DEBUG=1",
					"$(inherited)",
				);
				GCC_WARN_64_TO_32_BIT_CONVERSION = YES;
				GCC_WARN_ABOUT_RETURN_TYPE = YES_ERROR;
				GCC_WARN_UNDECLARED_SELECTOR = YES;
				GCC_WARN_UNINITIALIZED_AUTOS = YES_AGGRESSIVE;
				GCC_WARN_UNUSED_FUNCTION = YES;
				GCC_WARN_UNUSED_VARIABLE = YES;
				MACOSX_DEPLOYMENT_TARGET = 10.11;
				MTL_ENABLE_DEBUG_INFO = YES;
				ONLY_ACTIVE_ARCH = YES;
				SDKROOT = macosx;
				SWIFT_ACTIVE_COMPILATION_CONDITIONS = DEBUG;
				SWIFT_OPTIMIZATION_LEVEL = "-Onone";
			};
			name = Debug;
		};
		A139AFA2205F775A008680F4 /* Release */ = {
			isa = XCBuildConfiguration;
			buildSettings = {
				ALWAYS_SEARCH_USER_PATHS = NO;
				CLANG_ANALYZER_NONNULL = YES;
				CLANG_ANALYZER_NUMBER_OBJECT_CONVERSION = YES_AGGRESSIVE;
				CLANG_CXX_LANGUAGE_STANDARD = "gnu++14";
				CLANG_CXX_LIBRARY = "libc++";
				CLANG_ENABLE_MODULES = YES;
				CLANG_ENABLE_OBJC_ARC = YES;
				CLANG_WARN_BLOCK_CAPTURE_AUTORELEASING = YES;
				CLANG_WARN_BOOL_CONVERSION = YES;
				CLANG_WARN_COMMA = YES;
				CLANG_WARN_CONSTANT_CONVERSION = YES;
				CLANG_WARN_DEPRECATED_OBJC_IMPLEMENTATIONS = YES;
				CLANG_WARN_DIRECT_OBJC_ISA_USAGE = YES_ERROR;
				CLANG_WARN_DOCUMENTATION_COMMENTS = YES;
				CLANG_WARN_EMPTY_BODY = YES;
				CLANG_WARN_ENUM_CONVERSION = YES;
				CLANG_WARN_INFINITE_RECURSION = YES;
				CLANG_WARN_INT_CONVERSION = YES;
				CLANG_WARN_NON_LITERAL_NULL_CONVERSION = YES;
				CLANG_WARN_OBJC_IMPLICIT_RETAIN_SELF = YES;
				CLANG_WARN_OBJC_LITERAL_CONVERSION = YES;
				CLANG_WARN_OBJC_ROOT_CLASS = YES_ERROR;
				CLANG_WARN_RANGE_LOOP_ANALYSIS = YES;
				CLANG_WARN_STRICT_PROTOTYPES = YES;
				CLANG_WARN_SUSPICIOUS_MOVE = YES;
				CLANG_WARN_UNGUARDED_AVAILABILITY = YES_AGGRESSIVE;
				CLANG_WARN_UNREACHABLE_CODE = YES;
				CLANG_WARN__DUPLICATE_METHOD_MATCH = YES;
				CODE_SIGN_IDENTITY = "Mac Developer";
				COPY_PHASE_STRIP = NO;
				DEBUG_INFORMATION_FORMAT = "dwarf-with-dsym";
				ENABLE_NS_ASSERTIONS = NO;
				ENABLE_STRICT_OBJC_MSGSEND = YES;
				GCC_C_LANGUAGE_STANDARD = gnu11;
				GCC_NO_COMMON_BLOCKS = YES;
				GCC_WARN_64_TO_32_BIT_CONVERSION = YES;
				GCC_WARN_ABOUT_RETURN_TYPE = YES_ERROR;
				GCC_WARN_UNDECLARED_SELECTOR = YES;
				GCC_WARN_UNINITIALIZED_AUTOS = YES_AGGRESSIVE;
				GCC_WARN_UNUSED_FUNCTION = YES;
				GCC_WARN_UNUSED_VARIABLE = YES;
				MACOSX_DEPLOYMENT_TARGET = 10.11;
				MTL_ENABLE_DEBUG_INFO = NO;
				SDKROOT = macosx;
				SWIFT_COMPILATION_MODE = wholemodule;
				SWIFT_OPTIMIZATION_LEVEL = "-O";
			};
			name = Release;
		};
		A139AFA4205F775A008680F4 /* Debug */ = {
			isa = XCBuildConfiguration;
			buildSettings = {
				ASSETCATALOG_COMPILER_APPICON_NAME = AppIcon;
				CODE_SIGN_ENTITLEMENTS = Netflix.entitlements;
				CODE_SIGN_IDENTITY = "Apple Development";
				CODE_SIGN_STYLE = Automatic;
				COMBINE_HIDPI_IMAGES = YES;
				DEVELOPMENT_TEAM = SGWXH8G2WP;
				ENABLE_HARDENED_RUNTIME = YES;
				INFOPLIST_FILE = Info.plist;
				LD_RUNPATH_SEARCH_PATHS = (
					"$(inherited)",
					"@executable_path/../Frameworks",
					"@loader_path/../Frameworks",
				);
				PRODUCT_BUNDLE_IDENTIFIER = "com.jellystyle.Netflix-wrapper";
				PRODUCT_NAME = "$(TARGET_NAME)";
				SWIFT_VERSION = 5.0;
			};
			name = Debug;
		};
		A139AFA5205F775A008680F4 /* Release */ = {
			isa = XCBuildConfiguration;
			buildSettings = {
				ASSETCATALOG_COMPILER_APPICON_NAME = AppIcon;
				CODE_SIGN_ENTITLEMENTS = Netflix.entitlements;
				CODE_SIGN_IDENTITY = "Apple Development";
				CODE_SIGN_STYLE = Automatic;
				COMBINE_HIDPI_IMAGES = YES;
				DEVELOPMENT_TEAM = SGWXH8G2WP;
				ENABLE_HARDENED_RUNTIME = YES;
				INFOPLIST_FILE = Info.plist;
				LD_RUNPATH_SEARCH_PATHS = (
					"$(inherited)",
					"@executable_path/../Frameworks",
					"@loader_path/../Frameworks",
				);
				PRODUCT_BUNDLE_IDENTIFIER = "com.jellystyle.Netflix-wrapper";
				PRODUCT_NAME = "$(TARGET_NAME)";
				SWIFT_VERSION = 5.0;
			};
			name = Release;
		};
/* End XCBuildConfiguration section */

/* Begin XCConfigurationList section */
		A139AF8E205F775A008680F4 /* Build configuration list for PBXProject "Netflix" */ = {
			isa = XCConfigurationList;
			buildConfigurations = (
				A139AFA1205F775A008680F4 /* Debug */,
				A139AFA2205F775A008680F4 /* Release */,
			);
			defaultConfigurationIsVisible = 0;
			defaultConfigurationName = Release;
		};
		A139AFA3205F775A008680F4 /* Build configuration list for PBXNativeTarget "Netflix" */ = {
			isa = XCConfigurationList;
			buildConfigurations = (
				A139AFA4205F775A008680F4 /* Debug */,
				A139AFA5205F775A008680F4 /* Release */,
			);
			defaultConfigurationIsVisible = 0;
			defaultConfigurationName = Release;
		};
/* End XCConfigurationList section */

/* Begin XCRemoteSwiftPackageReference section */
		A1310600259060E000548F12 /* XCRemoteSwiftPackageReference "Sparkle" */ = {
			isa = XCRemoteSwiftPackageReference;
			repositoryURL = "https://github.com/sparkle-project/Sparkle.git";
			requirement = {
				branch = master;
				kind = branch;
			};
		};
/* End XCRemoteSwiftPackageReference section */

/* Begin XCSwiftPackageProductDependency section */
		A1310601259060E000548F12 /* Sparkle */ = {
			isa = XCSwiftPackageProductDependency;
			package = A1310600259060E000548F12 /* XCRemoteSwiftPackageReference "Sparkle" */;
			productName = Sparkle;
		};
/* End XCSwiftPackageProductDependency section */
	};
	rootObject = A139AF8B205F775A008680F4 /* Project object */;
}
